// !$*UTF8*$!
{
	archiveVersion = 1;
	classes = {
	};
	objectVersion = 56;
	objects = {

/* Begin PBXBuildFile section */
		EF0244062C11F02300278A50 /* Tic_tac_toeApp.swift in Sources */ = {isa = PBXBuildFile; fileRef = EF0244052C11F02300278A50 /* Tic_tac_toeApp.swift */; };
		EF0244082C11F02300278A50 /* ContentView.swift in Sources */ = {isa = PBXBuildFile; fileRef = EF0244072C11F02300278A50 /* ContentView.swift */; };
		EF02440A2C11F02400278A50 /* Assets.xcassets in Resources */ = {isa = PBXBuildFile; fileRef = EF0244092C11F02400278A50 /* Assets.xcassets */; };
		EF02440D2C11F02400278A50 /* Preview Assets.xcassets in Resources */ = {isa = PBXBuildFile; fileRef = EF02440C2C11F02400278A50 /* Preview Assets.xcassets */; };
		EF0244172C11F02400278A50 /* Tic_tac_toeTests.swift in Sources */ = {isa = PBXBuildFile; fileRef = EF0244162C11F02400278A50 /* Tic_tac_toeTests.swift */; };
		EF0244212C11F02400278A50 /* Tic_tac_toeUITests.swift in Sources */ = {isa = PBXBuildFile; fileRef = EF0244202C11F02400278A50 /* Tic_tac_toeUITests.swift */; };
		EF0244232C11F02400278A50 /* Tic_tac_toeUITestsLaunchTests.swift in Sources */ = {isa = PBXBuildFile; fileRef = EF0244222C11F02400278A50 /* Tic_tac_toeUITestsLaunchTests.swift */; };
/* End PBXBuildFile section */

/* Begin PBXContainerItemProxy section */
		EF0244132C11F02400278A50 /* PBXContainerItemProxy */ = {
			isa = PBXContainerItemProxy;
			containerPortal = EF0243FA2C11F02300278A50 /* Project object */;
			proxyType = 1;
			remoteGlobalIDString = EF0244012C11F02300278A50;
			remoteInfo = "Tic tac toe";
		};
		EF02441D2C11F02400278A50 /* PBXContainerItemProxy */ = {
			isa = PBXContainerItemProxy;
			containerPortal = EF0243FA2C11F02300278A50 /* Project object */;
			proxyType = 1;
			remoteGlobalIDString = EF0244012C11F02300278A50;
			remoteInfo = "Tic tac toe";
		};
/* End PBXContainerItemProxy section */

/* Begin PBXFileReference section */
		EF0244022C11F02300278A50 /* Tic tac toe.app */ = {isa = PBXFileReference; explicitFileType = wrapper.application; includeInIndex = 0; path = "Tic tac toe.app"; sourceTree = BUILT_PRODUCTS_DIR; };
		EF0244052C11F02300278A50 /* Tic_tac_toeApp.swift */ = {isa = PBXFileReference; lastKnownFileType = sourcecode.swift; path = Tic_tac_toeApp.swift; sourceTree = "<group>"; };
		EF0244072C11F02300278A50 /* ContentView.swift */ = {isa = PBXFileReference; lastKnownFileType = sourcecode.swift; path = ContentView.swift; sourceTree = "<group>"; };
		EF0244092C11F02400278A50 /* Assets.xcassets */ = {isa = PBXFileReference; lastKnownFileType = folder.assetcatalog; path = Assets.xcassets; sourceTree = "<group>"; };
		EF02440C2C11F02400278A50 /* Preview Assets.xcassets */ = {isa = PBXFileReference; lastKnownFileType = folder.assetcatalog; path = "Preview Assets.xcassets"; sourceTree = "<group>"; };
		EF0244122C11F02400278A50 /* Tic tac toeTests.xctest */ = {isa = PBXFileReference; explicitFileType = wrapper.cfbundle; includeInIndex = 0; path = "Tic tac toeTests.xctest"; sourceTree = BUILT_PRODUCTS_DIR; };
		EF0244162C11F02400278A50 /* Tic_tac_toeTests.swift */ = {isa = PBXFileReference; lastKnownFileType = sourcecode.swift; path = Tic_tac_toeTests.swift; sourceTree = "<group>"; };
		EF02441C2C11F02400278A50 /* Tic tac toeUITests.xctest */ = {isa = PBXFileReference; explicitFileType = wrapper.cfbundle; includeInIndex = 0; path = "Tic tac toeUITests.xctest"; sourceTree = BUILT_PRODUCTS_DIR; };
		EF0244202C11F02400278A50 /* Tic_tac_toeUITests.swift */ = {isa = PBXFileReference; lastKnownFileType = sourcecode.swift; path = Tic_tac_toeUITests.swift; sourceTree = "<group>"; };
		EF0244222C11F02400278A50 /* Tic_tac_toeUITestsLaunchTests.swift */ = {isa = PBXFileReference; lastKnownFileType = sourcecode.swift; path = Tic_tac_toeUITestsLaunchTests.swift; sourceTree = "<group>"; };
/* End PBXFileReference section */

/* Begin PBXFrameworksBuildPhase section */
		EF0243FF2C11F02300278A50 /* Frameworks */ = {
			isa = PBXFrameworksBuildPhase;
			buildActionMask = 2147483647;
			files = (
			);
			runOnlyForDeploymentPostprocessing = 0;
		};
		EF02440F2C11F02400278A50 /* Frameworks */ = {
			isa = PBXFrameworksBuildPhase;
			buildActionMask = 2147483647;
			files = (
			);
			runOnlyForDeploymentPostprocessing = 0;
		};
		EF0244192C11F02400278A50 /* Frameworks */ = {
			isa = PBXFrameworksBuildPhase;
			buildActionMask = 2147483647;
			files = (
			);
			runOnlyForDeploymentPostprocessing = 0;
		};
/* End PBXFrameworksBuildPhase section */

/* Begin PBXGroup section */
		EF0243F92C11F02300278A50 = {
			isa = PBXGroup;
			children = (
				EF0244042C11F02300278A50 /* Tic tac toe */,
				EF0244152C11F02400278A50 /* Tic tac toeTests */,
				EF02441F2C11F02400278A50 /* Tic tac toeUITests */,
				EF0244032C11F02300278A50 /* Products */,
			);
			sourceTree = "<group>";
		};
		EF0244032C11F02300278A50 /* Products */ = {
			isa = PBXGroup;
			children = (
				EF0244022C11F02300278A50 /* Tic tac toe.app */,
				EF0244122C11F02400278A50 /* Tic tac toeTests.xctest */,
				EF02441C2C11F02400278A50 /* Tic tac toeUITests.xctest */,
			);
			name = Products;
			sourceTree = "<group>";
		};
		EF0244042C11F02300278A50 /* Tic tac toe */ = {
			isa = PBXGroup;
			children = (
				EF0244052C11F02300278A50 /* Tic_tac_toeApp.swift */,
				EF0244072C11F02300278A50 /* ContentView.swift */,
				EF0244092C11F02400278A50 /* Assets.xcassets */,
				EF02440B2C11F02400278A50 /* Preview Content */,
			);
			path = "Tic tac toe";
			sourceTree = "<group>";
		};
		EF02440B2C11F02400278A50 /* Preview Content */ = {
			isa = PBXGroup;
			children = (
				EF02440C2C11F02400278A50 /* Preview Assets.xcassets */,
			);
			path = "Preview Content";
			sourceTree = "<group>";
		};
		EF0244152C11F02400278A50 /* Tic tac toeTests */ = {
			isa = PBXGroup;
			children = (
				EF0244162C11F02400278A50 /* Tic_tac_toeTests.swift */,
			);
			path = "Tic tac toeTests";
			sourceTree = "<group>";
		};
		EF02441F2C11F02400278A50 /* Tic tac toeUITests */ = {
			isa = PBXGroup;
			children = (
				EF0244202C11F02400278A50 /* Tic_tac_toeUITests.swift */,
				EF0244222C11F02400278A50 /* Tic_tac_toeUITestsLaunchTests.swift */,
			);
			path = "Tic tac toeUITests";
			sourceTree = "<group>";
		};
/* End PBXGroup section */

/* Begin PBXNativeTarget section */
		EF0244012C11F02300278A50 /* Tic tac toe */ = {
			isa = PBXNativeTarget;
			buildConfigurationList = EF0244262C11F02400278A50 /* Build configuration list for PBXNativeTarget "Tic tac toe" */;
			buildPhases = (
				EF0243FE2C11F02300278A50 /* Sources */,
				EF0243FF2C11F02300278A50 /* Frameworks */,
				EF0244002C11F02300278A50 /* Resources */,
			);
			buildRules = (
			);
			dependencies = (
			);
			name = "Tic tac toe";
			productName = "Tic tac toe";
			productReference = EF0244022C11F02300278A50 /* Tic tac toe.app */;
			productType = "com.apple.product-type.application";
		};
		EF0244112C11F02400278A50 /* Tic tac toeTests */ = {
			isa = PBXNativeTarget;
			buildConfigurationList = EF0244292C11F02400278A50 /* Build configuration list for PBXNativeTarget "Tic tac toeTests" */;
			buildPhases = (
				EF02440E2C11F02400278A50 /* Sources */,
				EF02440F2C11F02400278A50 /* Frameworks */,
				EF0244102C11F02400278A50 /* Resources */,
			);
			buildRules = (
			);
			dependencies = (
				EF0244142C11F02400278A50 /* PBXTargetDependency */,
			);
			name = "Tic tac toeTests";
			productName = "Tic tac toeTests";
			productReference = EF0244122C11F02400278A50 /* Tic tac toeTests.xctest */;
			productType = "com.apple.product-type.bundle.unit-test";
		};
		EF02441B2C11F02400278A50 /* Tic tac toeUITests */ = {
			isa = PBXNativeTarget;
			buildConfigurationList = EF02442C2C11F02400278A50 /* Build configuration list for PBXNativeTarget "Tic tac toeUITests" */;
			buildPhases = (
				EF0244182C11F02400278A50 /* Sources */,
				EF0244192C11F02400278A50 /* Frameworks */,
				EF02441A2C11F02400278A50 /* Resources */,
			);
			buildRules = (
			);
			dependencies = (
				EF02441E2C11F02400278A50 /* PBXTargetDependency */,
			);
			name = "Tic tac toeUITests";
			productName = "Tic tac toeUITests";
			productReference = EF02441C2C11F02400278A50 /* Tic tac toeUITests.xctest */;
			productType = "com.apple.product-type.bundle.ui-testing";
		};
/* End PBXNativeTarget section */

/* Begin PBXProject section */
		EF0243FA2C11F02300278A50 /* Project object */ = {
			isa = PBXProject;
			attributes = {
				BuildIndependentTargetsInParallel = 1;
				LastSwiftUpdateCheck = 1540;
				LastUpgradeCheck = 1540;
				TargetAttributes = {
					EF0244012C11F02300278A50 = {
						CreatedOnToolsVersion = 15.4;
					};
					EF0244112C11F02400278A50 = {
						CreatedOnToolsVersion = 15.4;
						TestTargetID = EF0244012C11F02300278A50;
					};
					EF02441B2C11F02400278A50 = {
						CreatedOnToolsVersion = 15.4;
						TestTargetID = EF0244012C11F02300278A50;
					};
				};
			};
			buildConfigurationList = EF0243FD2C11F02300278A50 /* Build configuration list for PBXProject "Tic tac toe" */;
			compatibilityVersion = "Xcode 14.0";
			developmentRegion = en;
			hasScannedForEncodings = 0;
			knownRegions = (
				en,
				Base,
			);
			mainGroup = EF0243F92C11F02300278A50;
			productRefGroup = EF0244032C11F02300278A50 /* Products */;
			projectDirPath = "";
			projectRoot = "";
			targets = (
				EF0244012C11F02300278A50 /* Tic tac toe */,
				EF0244112C11F02400278A50 /* Tic tac toeTests */,
				EF02441B2C11F02400278A50 /* Tic tac toeUITests */,
			);
		};
/* End PBXProject section */

/* Begin PBXResourcesBuildPhase section */
		EF0244002C11F02300278A50 /* Resources */ = {
			isa = PBXResourcesBuildPhase;
			buildActionMask = 2147483647;
			files = (
				EF02440D2C11F02400278A50 /* Preview Assets.xcassets in Resources */,
				EF02440A2C11F02400278A50 /* Assets.xcassets in Resources */,
			);
			runOnlyForDeploymentPostprocessing = 0;
		};
		EF0244102C11F02400278A50 /* Resources */ = {
			isa = PBXResourcesBuildPhase;
			buildActionMask = 2147483647;
			files = (
			);
			runOnlyForDeploymentPostprocessing = 0;
		};
		EF02441A2C11F02400278A50 /* Resources */ = {
			isa = PBXResourcesBuildPhase;
			buildActionMask = 2147483647;
			files = (
			);
			runOnlyForDeploymentPostprocessing = 0;
		};
/* End PBXResourcesBuildPhase section */

/* Begin PBXSourcesBuildPhase section */
		EF0243FE2C11F02300278A50 /* Sources */ = {
			isa = PBXSourcesBuildPhase;
			buildActionMask = 2147483647;
			files = (
				EF0244082C11F02300278A50 /* ContentView.swift in Sources */,
				EF0244062C11F02300278A50 /* Tic_tac_toeApp.swift in Sources */,
			);
			runOnlyForDeploymentPostprocessing = 0;
		};
		EF02440E2C11F02400278A50 /* Sources */ = {
			isa = PBXSourcesBuildPhase;
			buildActionMask = 2147483647;
			files = (
				EF0244172C11F02400278A50 /* Tic_tac_toeTests.swift in Sources */,
			);
			runOnlyForDeploymentPostprocessing = 0;
		};
		EF0244182C11F02400278A50 /* Sources */ = {
			isa = PBXSourcesBuildPhase;
			buildActionMask = 2147483647;
			files = (
				EF0244212C11F02400278A50 /* Tic_tac_toeUITests.swift in Sources */,
				EF0244232C11F02400278A50 /* Tic_tac_toeUITestsLaunchTests.swift in Sources */,
			);
			runOnlyForDeploymentPostprocessing = 0;
		};
/* End PBXSourcesBuildPhase section */

/* Begin PBXTargetDependency section */
		EF0244142C11F02400278A50 /* PBXTargetDependency */ = {
			isa = PBXTargetDependency;
			target = EF0244012C11F02300278A50 /* Tic tac toe */;
			targetProxy = EF0244132C11F02400278A50 /* PBXContainerItemProxy */;
		};
		EF02441E2C11F02400278A50 /* PBXTargetDependency */ = {
			isa = PBXTargetDependency;
			target = EF0244012C11F02300278A50 /* Tic tac toe */;
			targetProxy = EF02441D2C11F02400278A50 /* PBXContainerItemProxy */;
		};
/* End PBXTargetDependency section */

/* Begin XCBuildConfiguration section */
		EF0244242C11F02400278A50 /* Debug */ = {
			isa = XCBuildConfiguration;
			buildSettings = {
				ALWAYS_SEARCH_USER_PATHS = NO;
				ASSETCATALOG_COMPILER_GENERATE_SWIFT_ASSET_SYMBOL_EXTENSIONS = YES;
				CLANG_ANALYZER_NONNULL = YES;
				CLANG_ANALYZER_NUMBER_OBJECT_CONVERSION = YES_AGGRESSIVE;
				CLANG_CXX_LANGUAGE_STANDARD = "gnu++20";
				CLANG_ENABLE_MODULES = YES;
				CLANG_ENABLE_OBJC_ARC = YES;
				CLANG_ENABLE_OBJC_WEAK = YES;
				CLANG_WARN_BLOCK_CAPTURE_AUTORELEASING = YES;
				CLANG_WARN_BOOL_CONVERSION = YES;
				CLANG_WARN_COMMA = YES;
				CLANG_WARN_CONSTANT_CONVERSION = YES;
				CLANG_WARN_DEPRECATED_OBJC_IMPLEMENTATIONS = YES;
				CLANG_WARN_DIRECT_OBJC_ISA_USAGE = YES_ERROR;
				CLANG_WARN_DOCUMENTATION_COMMENTS = YES;
				CLANG_WARN_EMPTY_BODY = YES;
				CLANG_WARN_ENUM_CONVERSION = YES;
				CLANG_WARN_INFINITE_RECURSION = YES;
				CLANG_WARN_INT_CONVERSION = YES;
				CLANG_WARN_NON_LITERAL_NULL_CONVERSION = YES;
				CLANG_WARN_OBJC_IMPLICIT_RETAIN_SELF = YES;
				CLANG_WARN_OBJC_LITERAL_CONVERSION = YES;
				CLANG_WARN_OBJC_ROOT_CLASS = YES_ERROR;
				CLANG_WARN_QUOTED_INCLUDE_IN_FRAMEWORK_HEADER = YES;
				CLANG_WARN_RANGE_LOOP_ANALYSIS = YES;
				CLANG_WARN_STRICT_PROTOTYPES = YES;
				CLANG_WARN_SUSPICIOUS_MOVE = YES;
				CLANG_WARN_UNGUARDED_AVAILABILITY = YES_AGGRESSIVE;
				CLANG_WARN_UNREACHABLE_CODE = YES;
				CLANG_WARN__DUPLICATE_METHOD_MATCH = YES;
				COPY_PHASE_STRIP = NO;
				DEBUG_INFORMATION_FORMAT = dwarf;
				ENABLE_STRICT_OBJC_MSGSEND = YES;
				ENABLE_TESTABILITY = YES;
				ENABLE_USER_SCRIPT_SANDBOXING = YES;
				GCC_C_LANGUAGE_STANDARD = gnu17;
				GCC_DYNAMIC_NO_PIC = NO;
				GCC_NO_COMMON_BLOCKS = YES;
				GCC_OPTIMIZATION_LEVEL = 0;
				GCC_PREPROCESSOR_DEFINITIONS = (
					"DEBUG=1",
					"$(inherited)",
				);
				GCC_WARN_64_TO_32_BIT_CONVERSION = YES;
				GCC_WARN_ABOUT_RETURN_TYPE = YES_ERROR;
				GCC_WARN_UNDECLARED_SELECTOR = YES;
				GCC_WARN_UNINITIALIZED_AUTOS = YES_AGGRESSIVE;
				GCC_WARN_UNUSED_FUNCTION = YES;
				GCC_WARN_UNUSED_VARIABLE = YES;
				IPHONEOS_DEPLOYMENT_TARGET = 17.5;
				LOCALIZATION_PREFERS_STRING_CATALOGS = YES;
				MTL_ENABLE_DEBUG_INFO = INCLUDE_SOURCE;
				MTL_FAST_MATH = YES;
				ONLY_ACTIVE_ARCH = YES;
				SDKROOT = iphoneos;
				SWIFT_ACTIVE_COMPILATION_CONDITIONS = "DEBUG $(inherited)";
				SWIFT_OPTIMIZATION_LEVEL = "-Onone";
			};
			name = Debug;
		};
		EF0244252C11F02400278A50 /* Release */ = {
			isa = XCBuildConfiguration;
			buildSettings = {
				ALWAYS_SEARCH_USER_PATHS = NO;
				ASSETCATALOG_COMPILER_GENERATE_SWIFT_ASSET_SYMBOL_EXTENSIONS = YES;
				CLANG_ANALYZER_NONNULL = YES;
				CLANG_ANALYZER_NUMBER_OBJECT_CONVERSION = YES_AGGRESSIVE;
				CLANG_CXX_LANGUAGE_STANDARD = "gnu++20";
				CLANG_ENABLE_MODULES = YES;
				CLANG_ENABLE_OBJC_ARC = YES;
				CLANG_ENABLE_OBJC_WEAK = YES;
				CLANG_WARN_BLOCK_CAPTURE_AUTORELEASING = YES;
				CLANG_WARN_BOOL_CONVERSION = YES;
				CLANG_WARN_COMMA = YES;
				CLANG_WARN_CONSTANT_CONVERSION = YES;
				CLANG_WARN_DEPRECATED_OBJC_IMPLEMENTATIONS = YES;
				CLANG_WARN_DIRECT_OBJC_ISA_USAGE = YES_ERROR;
				CLANG_WARN_DOCUMENTATION_COMMENTS = YES;
				CLANG_WARN_EMPTY_BODY = YES;
				CLANG_WARN_ENUM_CONVERSION = YES;
				CLANG_WARN_INFINITE_RECURSION = YES;
				CLANG_WARN_INT_CONVERSION = YES;
				CLANG_WARN_NON_LITERAL_NULL_CONVERSION = YES;
				CLANG_WARN_OBJC_IMPLICIT_RETAIN_SELF = YES;
				CLANG_WARN_OBJC_LITERAL_CONVERSION = YES;
				CLANG_WARN_OBJC_ROOT_CLASS = YES_ERROR;
				CLANG_WARN_QUOTED_INCLUDE_IN_FRAMEWORK_HEADER = YES;
				CLANG_WARN_RANGE_LOOP_ANALYSIS = YES;
				CLANG_WARN_STRICT_PROTOTYPES = YES;
				CLANG_WARN_SUSPICIOUS_MOVE = YES;
				CLANG_WARN_UNGUARDED_AVAILABILITY = YES_AGGRESSIVE;
				CLANG_WARN_UNREACHABLE_CODE = YES;
				CLANG_WARN__DUPLICATE_METHOD_MATCH = YES;
				COPY_PHASE_STRIP = NO;
				DEBUG_INFORMATION_FORMAT = "dwarf-with-dsym";
				ENABLE_NS_ASSERTIONS = NO;
				ENABLE_STRICT_OBJC_MSGSEND = YES;
				ENABLE_USER_SCRIPT_SANDBOXING = YES;
				GCC_C_LANGUAGE_STANDARD = gnu17;
				GCC_NO_COMMON_BLOCKS = YES;
				GCC_WARN_64_TO_32_BIT_CONVERSION = YES;
				GCC_WARN_ABOUT_RETURN_TYPE = YES_ERROR;
				GCC_WARN_UNDECLARED_SELECTOR = YES;
				GCC_WARN_UNINITIALIZED_AUTOS = YES_AGGRESSIVE;
				GCC_WARN_UNUSED_FUNCTION = YES;
				GCC_WARN_UNUSED_VARIABLE = YES;
				IPHONEOS_DEPLOYMENT_TARGET = 17.5;
				LOCALIZATION_PREFERS_STRING_CATALOGS = YES;
				MTL_ENABLE_DEBUG_INFO = NO;
				MTL_FAST_MATH = YES;
				SDKROOT = iphoneos;
				SWIFT_COMPILATION_MODE = wholemodule;
				VALIDATE_PRODUCT = YES;
			};
			name = Release;
		};
		EF0244272C11F02400278A50 /* Debug */ = {
			isa = XCBuildConfiguration;
			buildSettings = {
				ASSETCATALOG_COMPILER_APPICON_NAME = AppIcon;
				ASSETCATALOG_COMPILER_GLOBAL_ACCENT_COLOR_NAME = AccentColor;
				CODE_SIGN_STYLE = Automatic;
				CURRENT_PROJECT_VERSION = 1;
				DEVELOPMENT_ASSET_PATHS = "\"Tic tac toe/Preview Content\"";
				DEVELOPMENT_TEAM = DH8XMG6683;
				ENABLE_PREVIEWS = YES;
				GENERATE_INFOPLIST_FILE = YES;
				INFOPLIST_KEY_UIApplicationSceneManifest_Generation = YES;
				INFOPLIST_KEY_UIApplicationSupportsIndirectInputEvents = YES;
				INFOPLIST_KEY_UILaunchScreen_Generation = YES;
				INFOPLIST_KEY_UISupportedInterfaceOrientations_iPad = "UIInterfaceOrientationPortrait UIInterfaceOrientationPortraitUpsideDown UIInterfaceOrientationLandscapeLeft UIInterfaceOrientationLandscapeRight";
				INFOPLIST_KEY_UISupportedInterfaceOrientations_iPhone = "UIInterfaceOrientationPortrait UIInterfaceOrientationLandscapeLeft UIInterfaceOrientationLandscapeRight";
				LD_RUNPATH_SEARCH_PATHS = (
					"$(inherited)",
					"@executable_path/Frameworks",
				);
				MARKETING_VERSION = 1.0;
				PRODUCT_BUNDLE_IDENTIFIER = "com.ankitkumar.Tic-tac-toe";
				PRODUCT_NAME = "$(TARGET_NAME)";
				SWIFT_EMIT_LOC_STRINGS = YES;
				SWIFT_VERSION = 5.0;
				TARGETED_DEVICE_FAMILY = "1,2";
			};
			name = Debug;
		};
		EF0244282C11F02400278A50 /* Release */ = {
			isa = XCBuildConfiguration;
			buildSettings = {
				ASSETCATALOG_COMPILER_APPICON_NAME = AppIcon;
				ASSETCATALOG_COMPILER_GLOBAL_ACCENT_COLOR_NAME = AccentColor;
				CODE_SIGN_STYLE = Automatic;
				CURRENT_PROJECT_VERSION = 1;
				DEVELOPMENT_ASSET_PATHS = "\"Tic tac toe/Preview Content\"";
				DEVELOPMENT_TEAM = DH8XMG6683;
				ENABLE_PREVIEWS = YES;
				GENERATE_INFOPLIST_FILE = YES;
				INFOPLIST_KEY_UIApplicationSceneManifest_Generation = YES;
				INFOPLIST_KEY_UIApplicationSupportsIndirectInputEvents = YES;
				INFOPLIST_KEY_UILaunchScreen_Generation = YES;
				INFOPLIST_KEY_UISupportedInterfaceOrientations_iPad = "UIInterfaceOrientationPortrait UIInterfaceOrientationPortraitUpsideDown UIInterfaceOrientationLandscapeLeft UIInterfaceOrientationLandscapeRight";
				INFOPLIST_KEY_UISupportedInterfaceOrientations_iPhone = "UIInterfaceOrientationPortrait UIInterfaceOrientationLandscapeLeft UIInterfaceOrientationLandscapeRight";
				LD_RUNPATH_SEARCH_PATHS = (
					"$(inherited)",
					"@executable_path/Frameworks",
				);
				MARKETING_VERSION = 1.0;
				PRODUCT_BUNDLE_IDENTIFIER = "com.ankitkumar.Tic-tac-toe";
				PRODUCT_NAME = "$(TARGET_NAME)";
				SWIFT_EMIT_LOC_STRINGS = YES;
				SWIFT_VERSION = 5.0;
				TARGETED_DEVICE_FAMILY = "1,2";
			};
			name = Release;
		};
		EF02442A2C11F02400278A50 /* Debug */ = {
			isa = XCBuildConfiguration;
			buildSettings = {
				ALWAYS_EMBED_SWIFT_STANDARD_LIBRARIES = YES;
				BUNDLE_LOADER = "$(TEST_HOST)";
				CODE_SIGN_STYLE = Automatic;
				CURRENT_PROJECT_VERSION = 1;
				DEVELOPMENT_TEAM = DH8XMG6683;
				GENERATE_INFOPLIST_FILE = YES;
				IPHONEOS_DEPLOYMENT_TARGET = 17.5;
				MARKETING_VERSION = 1.0;
				PRODUCT_BUNDLE_IDENTIFIER = "com.ankitkumar.Tic-tac-toeTests";
				PRODUCT_NAME = "$(TARGET_NAME)";
				SWIFT_EMIT_LOC_STRINGS = NO;
				SWIFT_VERSION = 5.0;
				TARGETED_DEVICE_FAMILY = "1,2";
				TEST_HOST = "$(BUILT_PRODUCTS_DIR)/Tic tac toe.app/$(BUNDLE_EXECUTABLE_FOLDER_PATH)/Tic tac toe";
			};
			name = Debug;
		};
		EF02442B2C11F02400278A50 /* Release */ = {
			isa = XCBuildConfiguration;
			buildSettings = {
				ALWAYS_EMBED_SWIFT_STANDARD_LIBRARIES = YES;
				BUNDLE_LOADER = "$(TEST_HOST)";
				CODE_SIGN_STYLE = Automatic;
				CURRENT_PROJECT_VERSION = 1;
				DEVELOPMENT_TEAM = DH8XMG6683;
				GENERATE_INFOPLIST_FILE = YES;
				IPHONEOS_DEPLOYMENT_TARGET = 17.5;
				MARKETING_VERSION = 1.0;
				PRODUCT_BUNDLE_IDENTIFIER = "com.ankitkumar.Tic-tac-toeTests";
				PRODUCT_NAME = "$(TARGET_NAME)";
				SWIFT_EMIT_LOC_STRINGS = NO;
				SWIFT_VERSION = 5.0;
				TARGETED_DEVICE_FAMILY = "1,2";
				TEST_HOST = "$(BUILT_PRODUCTS_DIR)/Tic tac toe.app/$(BUNDLE_EXECUTABLE_FOLDER_PATH)/Tic tac toe";
			};
			name = Release;
		};
		EF02442D2C11F02400278A50 /* Debug */ = {
			isa = XCBuildConfiguration;
			buildSettings = {
				ALWAYS_EMBED_SWIFT_STANDARD_LIBRARIES = YES;
				CODE_SIGN_STYLE = Automatic;
				CURRENT_PROJECT_VERSION = 1;
				DEVELOPMENT_TEAM = DH8XMG6683;
				GENERATE_INFOPLIST_FILE = YES;
				MARKETING_VERSION = 1.0;
				PRODUCT_BUNDLE_IDENTIFIER = "com.ankitkumar.Tic-tac-toeUITests";
				PRODUCT_NAME = "$(TARGET_NAME)";
				SWIFT_EMIT_LOC_STRINGS = NO;
				SWIFT_VERSION = 5.0;
				TARGETED_DEVICE_FAMILY = "1,2";
				TEST_TARGET_NAME = "Tic tac toe";
			};
			name = Debug;
		};
		EF02442E2C11F02400278A50 /* Release */ = {
			isa = XCBuildConfiguration;
			buildSettings = {
				ALWAYS_EMBED_SWIFT_STANDARD_LIBRARIES = YES;
				CODE_SIGN_STYLE = Automatic;
				CURRENT_PROJECT_VERSION = 1;
				DEVELOPMENT_TEAM = DH8XMG6683;
				GENERATE_INFOPLIST_FILE = YES;
				MARKETING_VERSION = 1.0;
				PRODUCT_BUNDLE_IDENTIFIER = "com.ankitkumar.Tic-tac-toeUITests";
				PRODUCT_NAME = "$(TARGET_NAME)";
				SWIFT_EMIT_LOC_STRINGS = NO;
				SWIFT_VERSION = 5.0;
				TARGETED_DEVICE_FAMILY = "1,2";
				TEST_TARGET_NAME = "Tic tac toe";
			};
			name = Release;
		};
/* End XCBuildConfiguration section */

/* Begin XCConfigurationList section */
		EF0243FD2C11F02300278A50 /* Build configuration list for PBXProject "Tic tac toe" */ = {
			isa = XCConfigurationList;
			buildConfigurations = (
				EF0244242C11F02400278A50 /* Debug */,
				EF0244252C11F02400278A50 /* Release */,
			);
			defaultConfigurationIsVisible = 0;
			defaultConfigurationName = Release;
		};
		EF0244262C11F02400278A50 /* Build configuration list for PBXNativeTarget "Tic tac toe" */ = {
			isa = XCConfigurationList;
			buildConfigurations = (
				EF0244272C11F02400278A50 /* Debug */,
				EF0244282C11F02400278A50 /* Release */,
			);
			defaultConfigurationIsVisible = 0;
			defaultConfigurationName = Release;
		};
		EF0244292C11F02400278A50 /* Build configuration list for PBXNativeTarget "Tic tac toeTests" */ = {
			isa = XCConfigurationList;
			buildConfigurations = (
				EF02442A2C11F02400278A50 /* Debug */,
				EF02442B2C11F02400278A50 /* Release */,
			);
			defaultConfigurationIsVisible = 0;
			defaultConfigurationName = Release;
		};
		EF02442C2C11F02400278A50 /* Build configuration list for PBXNativeTarget "Tic tac toeUITests" */ = {
			isa = XCConfigurationList;
			buildConfigurations = (
				EF02442D2C11F02400278A50 /* Debug */,
				EF02442E2C11F02400278A50 /* Release */,
			);
			defaultConfigurationIsVisible = 0;
			defaultConfigurationName = Release;
		};
/* End XCConfigurationList section */
	};
	rootObject = EF0243FA2C11F02300278A50 /* Project object */;
}
